
Microsoft Visual Studio Solution File, Format Version 12.00
# Visual Studio 15
VisualStudioVersion = 15.0.28010.2016
MinimumVisualStudioVersion = 10.0.40219.1
Project("{FAE04EC0-301F-11D3-BF4B-00C04F79EFBC}") = "XamarinExample", "XamarinExample\XamarinExample.csproj", "{9FBDA1F7-E1C2-4388-BB41-D782571CAF65}"
EndProject
Global
	GlobalSection(SolutionConfigurationPlatforms) = preSolution
		Debug|Any CPU = Debug|Any CPU
		Release|Any CPU = Release|Any CPU
	EndGlobalSection
	GlobalSection(ProjectConfigurationPlatforms) = postSolution
		{9FBDA1F7-E1C2-4388-BB41-D782571CAF65}.Debug|Any CPU.ActiveCfg = Debug|Any CPU
		{9FBDA1F7-E1C2-4388-BB41-D782571CAF65}.Debug|Any CPU.Build.0 = Debug|Any CPU
		{9FBDA1F7-E1C2-4388-BB41-D782571CAF65}.Debug|Any CPU.Deploy.0 = Debug|Any CPU
		{9FBDA1F7-E1C2-4388-BB41-D782571CAF65}.Release|Any CPU.ActiveCfg = Release|Any CPU
		{9FBDA1F7-E1C2-4388-BB41-D782571CAF65}.Release|Any CPU.Build.0 = Release|Any CPU
		{9FBDA1F7-E1C2-4388-BB41-D782571CAF65}.Release|Any CPU.Deploy.0 = Release|Any CPU
	EndGlobalSection
	GlobalSection(SolutionProperties) = preSolution
		HideSolutionNode = FALSE
	EndGlobalSection
	GlobalSection(ExtensibilityGlobals) = postSolution
		SolutionGuid = {A1262FAB-9168-4B77-84D7-96E47F2F225B}
	EndGlobalSection
EndGlobal
